{
    "_readme": [
        "This file locks the dependencies of your project to a known state",
        "Read more about it at https://getcomposer.org/doc/01-basic-usage.md#installing-dependencies",
        "This file is @generated automatically"
    ],
    "content-hash": "f94f93f9fa1002a57f2154475c8e2080",
    "packages": [
        {
            "name": "composer/installers",
            "version": "v1.7.0",
            "source": {
                "type": "git",
                "url": "https://github.com/composer/installers.git",
                "reference": "141b272484481432cda342727a427dc1e206bfa0"
            },
            "dist": {
                "type": "zip",
                "url": "https://api.github.com/repos/composer/installers/zipball/141b272484481432cda342727a427dc1e206bfa0",
                "reference": "141b272484481432cda342727a427dc1e206bfa0",
                "shasum": ""
            },
            "require": {
                "composer-plugin-api": "^1.0"
            },
            "replace": {
                "roundcube/plugin-installer": "*",
                "shama/baton": "*"
            },
            "require-dev": {
                "composer/composer": "1.0.*@dev",
                "phpunit/phpunit": "^4.8.36"
            },
            "type": "composer-plugin",
            "extra": {
                "class": "Composer\\Installers\\Plugin",
                "branch-alias": {
                    "dev-master": "1.0-dev"
                }
            },
            "autoload": {
                "psr-4": {
                    "Composer\\Installers\\": "src/Composer/Installers"
                }
            },
            "notification-url": "https://packagist.org/downloads/",
            "license": [
                "MIT"
            ],
            "authors": [
                {
                    "name": "Kyle Robinson Young",
                    "email": "kyle@dontkry.com",
                    "homepage": "https://github.com/shama"
                }
            ],
            "description": "A multi-framework Composer library installer",
            "homepage": "https://composer.github.io/installers/",
            "keywords": [
                "Craft",
                "Dolibarr",
                "Eliasis",
                "Hurad",
                "ImageCMS",
                "Kanboard",
                "Lan Management System",
                "MODX Evo",
                "Mautic",
                "Maya",
                "OXID",
                "Plentymarkets",
                "Porto",
                "RadPHP",
                "SMF",
                "Thelia",
                "Whmcs",
                "WolfCMS",
                "agl",
                "aimeos",
                "annotatecms",
                "attogram",
                "bitrix",
                "cakephp",
                "chef",
                "cockpit",
                "codeigniter",
                "concrete5",
                "croogo",
                "dokuwiki",
                "drupal",
                "eZ Platform",
                "elgg",
                "expressionengine",
                "fuelphp",
                "grav",
                "installer",
                "itop",
                "joomla",
                "known",
                "kohana",
                "laravel",
                "lavalite",
                "lithium",
                "magento",
                "majima",
                "mako",
                "mediawiki",
                "modulework",
                "modx",
                "moodle",
                "osclass",
                "phpbb",
                "piwik",
                "ppi",
                "puppet",
                "pxcms",
                "reindex",
                "roundcube",
                "shopware",
                "silverstripe",
                "sydes",
                "symfony",
                "typo3",
                "wordpress",
                "yawik",
                "zend",
                "zikula"
            ],
            "time": "2019-08-12T15:00:31+00:00"
        },
        {
            "name": "thecodingcompany/php-mastodon",
            "version": "v1.0.5",
            "source": {
                "type": "git",
                "url": "https://github.com/TheCodingCompany/MastodonOAuthPHP.git",
                "reference": "9c3f68d086e31faab0e7142a589b04a6e9068eb0"
            },
            "dist": {
                "type": "zip",
                "url": "https://api.github.com/repos/TheCodingCompany/MastodonOAuthPHP/zipball/9c3f68d086e31faab0e7142a589b04a6e9068eb0",
                "reference": "9c3f68d086e31faab0e7142a589b04a6e9068eb0",
                "shasum": ""
            },
            "require": {
                "php": ">=5.6.0"
            },
            "type": "library",
            "autoload": {
                "psr-4": {
                    "theCodingCompany\\": "theCodingCompany/"
                }
            },
            "notification-url": "https://packagist.org/downloads/",
            "license": [
                "MIT"
            ],
            "authors": [
                {
                    "name": "Victor Angelier",
                    "email": "vangelier@hotmail.com",
                    "homepage": "https://www.thecodingcompany.se",
                    "role": "Founder"
                }
            ],
            "description": "Mastodon PHP library oAuth and API",
            "homepage": "https://github.com/TheCodingCompany/MastodonOAuthPHP",
            "keywords": [
                "api",
                "mastodon",
                "oauth",
                "php"
            ],
            "time": "2017-04-26T18:49:38+00:00"
        }
    ],
    "packages-dev": [
        {
            "name": "mapkyca/known-language-tools",
            "version": "1.0.3",
            "source": {
                "type": "git",
                "url": "https://github.com/mapkyca/known-language-tools.git",
                "reference": "257f2d423a8906c27045e1a32ab2a2e1c22a2fb7"
            },
            "dist": {
                "type": "zip",
                "url": "https://api.github.com/repos/mapkyca/known-language-tools/zipball/257f2d423a8906c27045e1a32ab2a2e1c22a2fb7",
                "reference": "257f2d423a8906c27045e1a32ab2a2e1c22a2fb7",
                "shasum": ""
            },
            "require": {
                "php": ">=7.0"
            },
            "type": "library",
            "notification-url": "https://packagist.org/downloads/",
            "license": [
                "GPL-2.0-only"
            ],
            "authors": [
                {
                    "name": "Marcus Povey",
                    "email": "marcus@marcus-povey.co.uk",
                    "homepage": "https://www.marcus-povey.co.uk",
                    "role": "Developer"
                }
            ],
            "description": "I18N dev tools for Known",
            "homepage": "https://github.com/mapkyca/known-language-tools/",
            "keywords": [
                "i18n",
                "indieweb",
                "internationalisation",
                "known"
            ],
            "time": "2019-03-15T22:44:01+00:00"
        }
    ],
    "aliases": [],
    "minimum-stability": "dev",
    "stability-flags": [],
    "prefer-stable": true,
    "prefer-lowest": false,
    "platform": [],
    "platform-dev": []
}
